
Microsoft Visual Studio Solution File, Format Version 12.00
# Visual Studio Version 16
VisualStudioVersion = 16.0.31829.152
MinimumVisualStudioVersion = 10.0.40219.1
Project("{FAE04EC0-301F-11D3-BF4B-00C04F79EFBC}") = "NDDD.WinForm", "NDDD.WinForm\NDDD.WinForm.csproj", "{211334E0-7742-4ABF-AD73-A07166CFF91E}"
EndProject
Project("{FAE04EC0-301F-11D3-BF4B-00C04F79EFBC}") = "NDDD.Domain", "NDDD.Domain\NDDD.Domain.csproj", "{9DB5E232-C0FF-47C7-A647-240CA49C21CC}"
EndProject
Project("{FAE04EC0-301F-11D3-BF4B-00C04F79EFBC}") = "NDDD.Infrastucture", "NDDD.Infrlastucture\NDDD.Infrastucture.csproj", "{211F337D-8D1B-42C0-B19E-C9FEE368861C}"
EndProject
Project("{FAE04EC0-301F-11D3-BF4B-00C04F79EFBC}") = "NDDDTest.Tests", "NDDDTest.Tests\NDDDTest.Tests.csproj", "{FA0BC493-9CF6-4945-8533-FF933137F37E}"
EndProject
Global
	GlobalSection(SolutionConfigurationPlatforms) = preSolution
		Debug|Any CPU = Debug|Any CPU
		Release|Any CPU = Release|Any CPU
	EndGlobalSection
	GlobalSection(ProjectConfigurationPlatforms) = postSolution
		{211334E0-7742-4ABF-AD73-A07166CFF91E}.Debug|Any CPU.ActiveCfg = Debug|Any CPU
		{211334E0-7742-4ABF-AD73-A07166CFF91E}.Debug|Any CPU.Build.0 = Debug|Any CPU
		{211334E0-7742-4ABF-AD73-A07166CFF91E}.Release|Any CPU.ActiveCfg = Release|Any CPU
		{211334E0-7742-4ABF-AD73-A07166CFF91E}.Release|Any CPU.Build.0 = Release|Any CPU
		{9DB5E232-C0FF-47C7-A647-240CA49C21CC}.Debug|Any CPU.ActiveCfg = Debug|Any CPU
		{9DB5E232-C0FF-47C7-A647-240CA49C21CC}.Debug|Any CPU.Build.0 = Debug|Any CPU
		{9DB5E232-C0FF-47C7-A647-240CA49C21CC}.Release|Any CPU.ActiveCfg = Release|Any CPU
		{9DB5E232-C0FF-47C7-A647-240CA49C21CC}.Release|Any CPU.Build.0 = Release|Any CPU
		{211F337D-8D1B-42C0-B19E-C9FEE368861C}.Debug|Any CPU.ActiveCfg = Debug|Any CPU
		{211F337D-8D1B-42C0-B19E-C9FEE368861C}.Debug|Any CPU.Build.0 = Debug|Any CPU
		{211F337D-8D1B-42C0-B19E-C9FEE368861C}.Release|Any CPU.ActiveCfg = Release|Any CPU
		{211F337D-8D1B-42C0-B19E-C9FEE368861C}.Release|Any CPU.Build.0 = Release|Any CPU
		{FA0BC493-9CF6-4945-8533-FF933137F37E}.Debug|Any CPU.ActiveCfg = Debug|Any CPU
		{FA0BC493-9CF6-4945-8533-FF933137F37E}.Debug|Any CPU.Build.0 = Debug|Any CPU
		{FA0BC493-9CF6-4945-8533-FF933137F37E}.Release|Any CPU.ActiveCfg = Release|Any CPU
		{FA0BC493-9CF6-4945-8533-FF933137F37E}.Release|Any CPU.Build.0 = Release|Any CPU
	EndGlobalSection
	GlobalSection(SolutionProperties) = preSolution
		HideSolutionNode = FALSE
	EndGlobalSection
	GlobalSection(ExtensibilityGlobals) = postSolution
		SolutionGuid = {1CAB6D53-CDA3-45DF-A6ED-B5BAC4248347}
	EndGlobalSection
EndGlobal
